{
  "name": "hackerpack",
  "version": "0.1.0",
  "lockfileVersion": 3,
  "requires": true,
  "packages": {
    "": {
      "name": "hackerpack",
      "version": "0.1.0",
      "dependencies": {
        "mprocs": "^0.7.1"
      }
    },
    "node_modules/mprocs": {
      "version": "0.7.1",
      "resolved": "https://registry.npmjs.org/mprocs/-/mprocs-0.7.1.tgz",
      "integrity": "sha512-v22SIwcOphZm6XLdNfeHf4ZDYHqV1hghyfqNLwmZ604lEXlEkiuazYBWUz3xEB2GdABEAKfCZ8qiOVIoREM6CQ==",
      "bin": {
        "mprocs": "cli.js"
      },
      "engines": {
        "node": ">=0.10.0"
      }
    }
  }
}
